
Microsoft Visual Studio Solution File, Format Version 12.00
# Visual Studio Version 17
VisualStudioVersion = 17.4.33213.308
MinimumVisualStudioVersion = 10.0.40219.1
Project("{FAE04EC0-301F-11D3-BF4B-00C04F79EFBC}") = "Task 23", "Task 23\Task 23.csproj", "{CACF2016-84B8-4015-B774-0BC7EA344866}"
EndProject
Global
	GlobalSection(SolutionConfigurationPlatforms) = preSolution
		Debug|Any CPU = Debug|Any CPU
		Release|Any CPU = Release|Any CPU
	EndGlobalSection
	GlobalSection(ProjectConfigurationPlatforms) = postSolution
		{CACF2016-84B8-4015-B774-0BC7EA344866}.Debug|Any CPU.ActiveCfg = Debug|Any CPU
		{CACF2016-84B8-4015-B774-0BC7EA344866}.Debug|Any CPU.Build.0 = Debug|Any CPU
		{CACF2016-84B8-4015-B774-0BC7EA344866}.Release|Any CPU.ActiveCfg = Release|Any CPU
		{CACF2016-84B8-4015-B774-0BC7EA344866}.Release|Any CPU.Build.0 = Release|Any CPU
	EndGlobalSection
	GlobalSection(SolutionProperties) = preSolution
		HideSolutionNode = FALSE
	EndGlobalSection
	GlobalSection(ExtensibilityGlobals) = postSolution
		SolutionGuid = {5D8E33B6-FB84-486A-AD37-8DCE5B8C0A19}
	EndGlobalSection
EndGlobal
